// !$*UTF8*$!
{
	archiveVersion = 1;
	classes = {
	};
	objectVersion = 50;
	objects = {

/* Begin PBXBuildFile section */
		FB45812D243AB3C4004F6C28 /* DataModel.swift in Sources */ = {isa = PBXBuildFile; fileRef = FB45812C243AB3C4004F6C28 /* DataModel.swift */; };
		FB45812F243AB877004F6C28 /* CustomTableViewCell.swift in Sources */ = {isa = PBXBuildFile; fileRef = FB45812E243AB877004F6C28 /* CustomTableViewCell.swift */; };
		FB458133243ABE7D004F6C28 /* NameDict.swift in Sources */ = {isa = PBXBuildFile; fileRef = FB458132243ABE7D004F6C28 /* NameDict.swift */; };
		FB46E88A243BF13400961010 /* Extension.swift in Sources */ = {isa = PBXBuildFile; fileRef = FB46E889243BF13400961010 /* Extension.swift */; };
		FB49D2F0243BA2CF00782C15 /* DetailViewController.swift in Sources */ = {isa = PBXBuildFile; fileRef = FB49D2EF243BA2CF00782C15 /* DetailViewController.swift */; };
		FB49DC5C243A8ED800A7F34D /* AppDelegate.swift in Sources */ = {isa = PBXBuildFile; fileRef = FB49DC5B243A8ED800A7F34D /* AppDelegate.swift */; };
		FB49DC5E243A8ED800A7F34D /* SceneDelegate.swift in Sources */ = {isa = PBXBuildFile; fileRef = FB49DC5D243A8ED800A7F34D /* SceneDelegate.swift */; };
		FB49DC60243A8ED800A7F34D /* ViewController.swift in Sources */ = {isa = PBXBuildFile; fileRef = FB49DC5F243A8ED800A7F34D /* ViewController.swift */; };
		FB49DC63243A8ED800A7F34D /* Main.storyboard in Resources */ = {isa = PBXBuildFile; fileRef = FB49DC61243A8ED800A7F34D /* Main.storyboard */; };
		FB49DC65243A8EDC00A7F34D /* Assets.xcassets in Resources */ = {isa = PBXBuildFile; fileRef = FB49DC64243A8EDC00A7F34D /* Assets.xcassets */; };
		FB49DC68243A8EDC00A7F34D /* LaunchScreen.storyboard in Resources */ = {isa = PBXBuildFile; fileRef = FB49DC66243A8EDC00A7F34D /* LaunchScreen.storyboard */; };
/* End PBXBuildFile section */

/* Begin PBXFileReference section */
		FB45812C243AB3C4004F6C28 /* DataModel.swift */ = {isa = PBXFileReference; lastKnownFileType = sourcecode.swift; path = DataModel.swift; sourceTree = "<group>"; };
		FB45812E243AB877004F6C28 /* CustomTableViewCell.swift */ = {isa = PBXFileReference; lastKnownFileType = sourcecode.swift; path = CustomTableViewCell.swift; sourceTree = "<group>"; };
		FB458132243ABE7D004F6C28 /* NameDict.swift */ = {isa = PBXFileReference; lastKnownFileType = sourcecode.swift; path = NameDict.swift; sourceTree = "<group>"; };
		FB46E889243BF13400961010 /* Extension.swift */ = {isa = PBXFileReference; lastKnownFileType = sourcecode.swift; path = Extension.swift; sourceTree = "<group>"; };
		FB49D2EF243BA2CF00782C15 /* DetailViewController.swift */ = {isa = PBXFileReference; lastKnownFileType = sourcecode.swift; path = DetailViewController.swift; sourceTree = "<group>"; };
		FB49DC58243A8ED800A7F34D /* Covid19.app */ = {isa = PBXFileReference; explicitFileType = wrapper.application; includeInIndex = 0; path = Covid19.app; sourceTree = BUILT_PRODUCTS_DIR; };
		FB49DC5B243A8ED800A7F34D /* AppDelegate.swift */ = {isa = PBXFileReference; lastKnownFileType = sourcecode.swift; path = AppDelegate.swift; sourceTree = "<group>"; };
		FB49DC5D243A8ED800A7F34D /* SceneDelegate.swift */ = {isa = PBXFileReference; lastKnownFileType = sourcecode.swift; path = SceneDelegate.swift; sourceTree = "<group>"; };
		FB49DC5F243A8ED800A7F34D /* ViewController.swift */ = {isa = PBXFileReference; lastKnownFileType = sourcecode.swift; path = ViewController.swift; sourceTree = "<group>"; };
		FB49DC62243A8ED800A7F34D /* Base */ = {isa = PBXFileReference; lastKnownFileType = file.storyboard; name = Base; path = Base.lproj/Main.storyboard; sourceTree = "<group>"; };
		FB49DC64243A8EDC00A7F34D /* Assets.xcassets */ = {isa = PBXFileReference; lastKnownFileType = folder.assetcatalog; path = Assets.xcassets; sourceTree = "<group>"; };
		FB49DC67243A8EDC00A7F34D /* Base */ = {isa = PBXFileReference; lastKnownFileType = file.storyboard; name = Base; path = Base.lproj/LaunchScreen.storyboard; sourceTree = "<group>"; };
		FB49DC69243A8EDC00A7F34D /* Info.plist */ = {isa = PBXFileReference; lastKnownFileType = text.plist.xml; path = Info.plist; sourceTree = "<group>"; };
/* End PBXFileReference section */

/* Begin PBXFrameworksBuildPhase section */
		FB49DC55243A8ED800A7F34D /* Frameworks */ = {
			isa = PBXFrameworksBuildPhase;
			buildActionMask = 2147483647;
			files = (
			);
			runOnlyForDeploymentPostprocessing = 0;
		};
/* End PBXFrameworksBuildPhase section */

/* Begin PBXGroup section */
		FB49DC4F243A8ED800A7F34D = {
			isa = PBXGroup;
			children = (
				FB49DC5A243A8ED800A7F34D /* Covid19 */,
				FB49DC59243A8ED800A7F34D /* Products */,
			);
			sourceTree = "<group>";
		};
		FB49DC59243A8ED800A7F34D /* Products */ = {
			isa = PBXGroup;
			children = (
				FB49DC58243A8ED800A7F34D /* Covid19.app */,
			);
			name = Products;
			sourceTree = "<group>";
		};
		FB49DC5A243A8ED800A7F34D /* Covid19 */ = {
			isa = PBXGroup;
			children = (
				FB49DC5B243A8ED800A7F34D /* AppDelegate.swift */,
				FB49DC5D243A8ED800A7F34D /* SceneDelegate.swift */,
				FB49DC5F243A8ED800A7F34D /* ViewController.swift */,
				FB458132243ABE7D004F6C28 /* NameDict.swift */,
				FB45812E243AB877004F6C28 /* CustomTableViewCell.swift */,
				FB49D2EF243BA2CF00782C15 /* DetailViewController.swift */,
				FB45812C243AB3C4004F6C28 /* DataModel.swift */,
				FB46E889243BF13400961010 /* Extension.swift */,
				FB49DC61243A8ED800A7F34D /* Main.storyboard */,
				FB49DC64243A8EDC00A7F34D /* Assets.xcassets */,
				FB49DC66243A8EDC00A7F34D /* LaunchScreen.storyboard */,
				FB49DC69243A8EDC00A7F34D /* Info.plist */,
			);
			path = Covid19;
			sourceTree = "<group>";
		};
/* End PBXGroup section */

/* Begin PBXNativeTarget section */
		FB49DC57243A8ED800A7F34D /* Covid19 */ = {
			isa = PBXNativeTarget;
			buildConfigurationList = FB49DC6C243A8EDC00A7F34D /* Build configuration list for PBXNativeTarget "Covid19" */;
			buildPhases = (
				FB49DC54243A8ED800A7F34D /* Sources */,
				FB49DC55243A8ED800A7F34D /* Frameworks */,
				FB49DC56243A8ED800A7F34D /* Resources */,
			);
			buildRules = (
			);
			dependencies = (
			);
			name = Covid19;
			productName = Covid19;
			productReference = FB49DC58243A8ED800A7F34D /* Covid19.app */;
			productType = "com.apple.product-type.application";
		};
/* End PBXNativeTarget section */

/* Begin PBXProject section */
		FB49DC50243A8ED800A7F34D /* Project object */ = {
			isa = PBXProject;
			attributes = {
				LastSwiftUpdateCheck = 1130;
				LastUpgradeCheck = 1130;
				ORGANIZATIONNAME = sowah;
				TargetAttributes = {
					FB49DC57243A8ED800A7F34D = {
						CreatedOnToolsVersion = 11.3.1;
					};
				};
			};
			buildConfigurationList = FB49DC53243A8ED800A7F34D /* Build configuration list for PBXProject "Covid19" */;
			compatibilityVersion = "Xcode 9.3";
			developmentRegion = en;
			hasScannedForEncodings = 0;
			knownRegions = (
				en,
				Base,
			);
			mainGroup = FB49DC4F243A8ED800A7F34D;
			productRefGroup = FB49DC59243A8ED800A7F34D /* Products */;
			projectDirPath = "";
			projectRoot = "";
			targets = (
				FB49DC57243A8ED800A7F34D /* Covid19 */,
			);
		};
/* End PBXProject section */

/* Begin PBXResourcesBuildPhase section */
		FB49DC56243A8ED800A7F34D /* Resources */ = {
			isa = PBXResourcesBuildPhase;
			buildActionMask = 2147483647;
			files = (
				FB49DC68243A8EDC00A7F34D /* LaunchScreen.storyboard in Resources */,
				FB49DC65243A8EDC00A7F34D /* Assets.xcassets in Resources */,
				FB49DC63243A8ED800A7F34D /* Main.storyboard in Resources */,
			);
			runOnlyForDeploymentPostprocessing = 0;
		};
/* End PBXResourcesBuildPhase section */

/* Begin PBXSourcesBuildPhase section */
		FB49DC54243A8ED800A7F34D /* Sources */ = {
			isa = PBXSourcesBuildPhase;
			buildActionMask = 2147483647;
			files = (
				FB49DC60243A8ED800A7F34D /* ViewController.swift in Sources */,
				FB45812F243AB877004F6C28 /* CustomTableViewCell.swift in Sources */,
				FB458133243ABE7D004F6C28 /* NameDict.swift in Sources */,
				FB49D2F0243BA2CF00782C15 /* DetailViewController.swift in Sources */,
				FB45812D243AB3C4004F6C28 /* DataModel.swift in Sources */,
				FB49DC5C243A8ED800A7F34D /* AppDelegate.swift in Sources */,
				FB49DC5E243A8ED800A7F34D /* SceneDelegate.swift in Sources */,
				FB46E88A243BF13400961010 /* Extension.swift in Sources */,
			);
			runOnlyForDeploymentPostprocessing = 0;
		};
/* End PBXSourcesBuildPhase section */

/* Begin PBXVariantGroup section */
		FB49DC61243A8ED800A7F34D /* Main.storyboard */ = {
			isa = PBXVariantGroup;
			children = (
				FB49DC62243A8ED800A7F34D /* Base */,
			);
			name = Main.storyboard;
			sourceTree = "<group>";
		};
		FB49DC66243A8EDC00A7F34D /* LaunchScreen.storyboard */ = {
			isa = PBXVariantGroup;
			children = (
				FB49DC67243A8EDC00A7F34D /* Base */,
			);
			name = LaunchScreen.storyboard;
			sourceTree = "<group>";
		};
/* End PBXVariantGroup section */

/* Begin XCBuildConfiguration section */
		FB49DC6A243A8EDC00A7F34D /* Debug */ = {
			isa = XCBuildConfiguration;
			buildSettings = {
				ALWAYS_SEARCH_USER_PATHS = NO;
				CLANG_ANALYZER_NONNULL = YES;
				CLANG_ANALYZER_NUMBER_OBJECT_CONVERSION = YES_AGGRESSIVE;
				CLANG_CXX_LANGUAGE_STANDARD = "gnu++14";
				CLANG_CXX_LIBRARY = "libc++";
				CLANG_ENABLE_MODULES = YES;
				CLANG_ENABLE_OBJC_ARC = YES;
				CLANG_ENABLE_OBJC_WEAK = YES;
				CLANG_WARN_BLOCK_CAPTURE_AUTORELEASING = YES;
				CLANG_WARN_BOOL_CONVERSION = YES;
				CLANG_WARN_COMMA = YES;
				CLANG_WARN_CONSTANT_CONVERSION = YES;
				CLANG_WARN_DEPRECATED_OBJC_IMPLEMENTATIONS = YES;
				CLANG_WARN_DIRECT_OBJC_ISA_USAGE = YES_ERROR;
				CLANG_WARN_DOCUMENTATION_COMMENTS = YES;
				CLANG_WARN_EMPTY_BODY = YES;
				CLANG_WARN_ENUM_CONVERSION = YES;
				CLANG_WARN_INFINITE_RECURSION = YES;
				CLANG_WARN_INT_CONVERSION = YES;
				CLANG_WARN_NON_LITERAL_NULL_CONVERSION = YES;
				CLANG_WARN_OBJC_IMPLICIT_RETAIN_SELF = YES;
				CLANG_WARN_OBJC_LITERAL_CONVERSION = YES;
				CLANG_WARN_OBJC_ROOT_CLASS = YES_ERROR;
				CLANG_WARN_RANGE_LOOP_ANALYSIS = YES;
				CLANG_WARN_STRICT_PROTOTYPES = YES;
				CLANG_WARN_SUSPICIOUS_MOVE = YES;
				CLANG_WARN_UNGUARDED_AVAILABILITY = YES_AGGRESSIVE;
				CLANG_WARN_UNREACHABLE_CODE = YES;
				CLANG_WARN__DUPLICATE_METHOD_MATCH = YES;
				COPY_PHASE_STRIP = NO;
				DEBUG_INFORMATION_FORMAT = dwarf;
				ENABLE_STRICT_OBJC_MSGSEND = YES;
				ENABLE_TESTABILITY = YES;
				GCC_C_LANGUAGE_STANDARD = gnu11;
				GCC_DYNAMIC_NO_PIC = NO;
				GCC_NO_COMMON_BLOCKS = YES;
				GCC_OPTIMIZATION_LEVEL = 0;
				GCC_PREPROCESSOR_DEFINITIONS = (
					"DEBUG=1",
					"$(inherited)",
				);
				GCC_WARN_64_TO_32_BIT_CONVERSION = YES;
				GCC_WARN_ABOUT_RETURN_TYPE = YES_ERROR;
				GCC_WARN_UNDECLARED_SELECTOR = YES;
				GCC_WARN_UNINITIALIZED_AUTOS = YES_AGGRESSIVE;
				GCC_WARN_UNUSED_FUNCTION = YES;
				GCC_WARN_UNUSED_VARIABLE = YES;
				IPHONEOS_DEPLOYMENT_TARGET = 13.2;
				MTL_ENABLE_DEBUG_INFO = INCLUDE_SOURCE;
				MTL_FAST_MATH = YES;
				ONLY_ACTIVE_ARCH = YES;
				SDKROOT = iphoneos;
				SWIFT_ACTIVE_COMPILATION_CONDITIONS = DEBUG;
				SWIFT_OPTIMIZATION_LEVEL = "-Onone";
			};
			name = Debug;
		};
		FB49DC6B243A8EDC00A7F34D /* Release */ = {
			isa = XCBuildConfiguration;
			buildSettings = {
				ALWAYS_SEARCH_USER_PATHS = NO;
				CLANG_ANALYZER_NONNULL = YES;
				CLANG_ANALYZER_NUMBER_OBJECT_CONVERSION = YES_AGGRESSIVE;
				CLANG_CXX_LANGUAGE_STANDARD = "gnu++14";
				CLANG_CXX_LIBRARY = "libc++";
				CLANG_ENABLE_MODULES = YES;
				CLANG_ENABLE_OBJC_ARC = YES;
				CLANG_ENABLE_OBJC_WEAK = YES;
				CLANG_WARN_BLOCK_CAPTURE_AUTORELEASING = YES;
				CLANG_WARN_BOOL_CONVERSION = YES;
				CLANG_WARN_COMMA = YES;
				CLANG_WARN_CONSTANT_CONVERSION = YES;
				CLANG_WARN_DEPRECATED_OBJC_IMPLEMENTATIONS = YES;
				CLANG_WARN_DIRECT_OBJC_ISA_USAGE = YES_ERROR;
				CLANG_WARN_DOCUMENTATION_COMMENTS = YES;
				CLANG_WARN_EMPTY_BODY = YES;
				CLANG_WARN_ENUM_CONVERSION = YES;
				CLANG_WARN_INFINITE_RECURSION = YES;
				CLANG_WARN_INT_CONVERSION = YES;
				CLANG_WARN_NON_LITERAL_NULL_CONVERSION = YES;
				CLANG_WARN_OBJC_IMPLICIT_RETAIN_SELF = YES;
				CLANG_WARN_OBJC_LITERAL_CONVERSION = YES;
				CLANG_WARN_OBJC_ROOT_CLASS = YES_ERROR;
				CLANG_WARN_RANGE_LOOP_ANALYSIS = YES;
				CLANG_WARN_STRICT_PROTOTYPES = YES;
				CLANG_WARN_SUSPICIOUS_MOVE = YES;
				CLANG_WARN_UNGUARDED_AVAILABILITY = YES_AGGRESSIVE;
				CLANG_WARN_UNREACHABLE_CODE = YES;
				CLANG_WARN__DUPLICATE_METHOD_MATCH = YES;
				COPY_PHASE_STRIP = NO;
				DEBUG_INFORMATION_FORMAT = "dwarf-with-dsym";
				ENABLE_NS_ASSERTIONS = NO;
				ENABLE_STRICT_OBJC_MSGSEND = YES;
				GCC_C_LANGUAGE_STANDARD = gnu11;
				GCC_NO_COMMON_BLOCKS = YES;
				GCC_WARN_64_TO_32_BIT_CONVERSION = YES;
				GCC_WARN_ABOUT_RETURN_TYPE = YES_ERROR;
				GCC_WARN_UNDECLARED_SELECTOR = YES;
				GCC_WARN_UNINITIALIZED_AUTOS = YES_AGGRESSIVE;
				GCC_WARN_UNUSED_FUNCTION = YES;
				GCC_WARN_UNUSED_VARIABLE = YES;
				IPHONEOS_DEPLOYMENT_TARGET = 13.2;
				MTL_ENABLE_DEBUG_INFO = NO;
				MTL_FAST_MATH = YES;
				SDKROOT = iphoneos;
				SWIFT_COMPILATION_MODE = wholemodule;
				SWIFT_OPTIMIZATION_LEVEL = "-O";
				VALIDATE_PRODUCT = YES;
			};
			name = Release;
		};
		FB49DC6D243A8EDC00A7F34D /* Debug */ = {
			isa = XCBuildConfiguration;
			buildSettings = {
				ASSETCATALOG_COMPILER_APPICON_NAME = AppIcon;
				CODE_SIGN_STYLE = Automatic;
				DEVELOPMENT_TEAM = B5297G38R8;
				INFOPLIST_FILE = Covid19/Info.plist;
				LD_RUNPATH_SEARCH_PATHS = (
					"$(inherited)",
					"@executable_path/Frameworks",
				);
				PRODUCT_BUNDLE_IDENTIFIER = com.ehwah.Covid19;
				PRODUCT_NAME = "$(TARGET_NAME)";
				SWIFT_VERSION = 5.0;
				TARGETED_DEVICE_FAMILY = "1,2";
			};
			name = Debug;
		};
		FB49DC6E243A8EDC00A7F34D /* Release */ = {
			isa = XCBuildConfiguration;
			buildSettings = {
				ASSETCATALOG_COMPILER_APPICON_NAME = AppIcon;
				CODE_SIGN_STYLE = Automatic;
				DEVELOPMENT_TEAM = B5297G38R8;
				INFOPLIST_FILE = Covid19/Info.plist;
				LD_RUNPATH_SEARCH_PATHS = (
					"$(inherited)",
					"@executable_path/Frameworks",
				);
				PRODUCT_BUNDLE_IDENTIFIER = com.ehwah.Covid19;
				PRODUCT_NAME = "$(TARGET_NAME)";
				SWIFT_VERSION = 5.0;
				TARGETED_DEVICE_FAMILY = "1,2";
			};
			name = Release;
		};
/* End XCBuildConfiguration section */

/* Begin XCConfigurationList section */
		FB49DC53243A8ED800A7F34D /* Build configuration list for PBXProject "Covid19" */ = {
			isa = XCConfigurationList;
			buildConfigurations = (
				FB49DC6A243A8EDC00A7F34D /* Debug */,
				FB49DC6B243A8EDC00A7F34D /* Release */,
			);
			defaultConfigurationIsVisible = 0;
			defaultConfigurationName = Release;
		};
		FB49DC6C243A8EDC00A7F34D /* Build configuration list for PBXNativeTarget "Covid19" */ = {
			isa = XCConfigurationList;
			buildConfigurations = (
				FB49DC6D243A8EDC00A7F34D /* Debug */,
				FB49DC6E243A8EDC00A7F34D /* Release */,
			);
			defaultConfigurationIsVisible = 0;
			defaultConfigurationName = Release;
		};
/* End XCConfigurationList section */
	};
	rootObject = FB49DC50243A8ED800A7F34D /* Project object */;
}
